
Microsoft Visual Studio Solution File, Format Version 12.00
# Visual Studio Version 17
VisualStudioVersion = 17.9.34728.123
MinimumVisualStudioVersion = 10.0.40219.1
Project("{9A19103F-16F7-4668-BE54-9A1E7A4F7556}") = "northwind", "northwind\northwind.csproj", "{0B6A9296-C3B8-48D5-B1CF-7FD4B608DF01}"
EndProject
Project("{9A19103F-16F7-4668-BE54-9A1E7A4F7556}") = "Northwind.Data", "Northwind.Data\Northwind.Data.csproj", "{5C4EF097-3284-4B38-A96A-AB1350B6A052}"
EndProject
Project("{9A19103F-16F7-4668-BE54-9A1E7A4F7556}") = "Northwind.Utils", "Northwind.Utils\Northwind.Utils.csproj", "{30E9C5D9-D428-4543-84F9-847D904F6D78}"
EndProject
Project("{9A19103F-16F7-4668-BE54-9A1E7A4F7556}") = "Northwind.Businnes", "Northwind.Businnes\Northwind.Businnes.csproj", "{C8CEA80F-2785-4537-AC43-7B398F748B11}"
EndProject
Global
	GlobalSection(SolutionConfigurationPlatforms) = preSolution
		Debug|Any CPU = Debug|Any CPU
		Release|Any CPU = Release|Any CPU
	EndGlobalSection
	GlobalSection(ProjectConfigurationPlatforms) = postSolution
		{0B6A9296-C3B8-48D5-B1CF-7FD4B608DF01}.Debug|Any CPU.ActiveCfg = Debug|Any CPU
		{0B6A9296-C3B8-48D5-B1CF-7FD4B608DF01}.Debug|Any CPU.Build.0 = Debug|Any CPU
		{0B6A9296-C3B8-48D5-B1CF-7FD4B608DF01}.Release|Any CPU.ActiveCfg = Release|Any CPU
		{0B6A9296-C3B8-48D5-B1CF-7FD4B608DF01}.Release|Any CPU.Build.0 = Release|Any CPU
		{5C4EF097-3284-4B38-A96A-AB1350B6A052}.Debug|Any CPU.ActiveCfg = Debug|Any CPU
		{5C4EF097-3284-4B38-A96A-AB1350B6A052}.Debug|Any CPU.Build.0 = Debug|Any CPU
		{5C4EF097-3284-4B38-A96A-AB1350B6A052}.Release|Any CPU.ActiveCfg = Release|Any CPU
		{5C4EF097-3284-4B38-A96A-AB1350B6A052}.Release|Any CPU.Build.0 = Release|Any CPU
		{30E9C5D9-D428-4543-84F9-847D904F6D78}.Debug|Any CPU.ActiveCfg = Debug|Any CPU
		{30E9C5D9-D428-4543-84F9-847D904F6D78}.Debug|Any CPU.Build.0 = Debug|Any CPU
		{30E9C5D9-D428-4543-84F9-847D904F6D78}.Release|Any CPU.ActiveCfg = Release|Any CPU
		{30E9C5D9-D428-4543-84F9-847D904F6D78}.Release|Any CPU.Build.0 = Release|Any CPU
		{C8CEA80F-2785-4537-AC43-7B398F748B11}.Debug|Any CPU.ActiveCfg = Debug|Any CPU
		{C8CEA80F-2785-4537-AC43-7B398F748B11}.Debug|Any CPU.Build.0 = Debug|Any CPU
		{C8CEA80F-2785-4537-AC43-7B398F748B11}.Release|Any CPU.ActiveCfg = Release|Any CPU
		{C8CEA80F-2785-4537-AC43-7B398F748B11}.Release|Any CPU.Build.0 = Release|Any CPU
	EndGlobalSection
	GlobalSection(SolutionProperties) = preSolution
		HideSolutionNode = FALSE
	EndGlobalSection
	GlobalSection(ExtensibilityGlobals) = postSolution
		SolutionGuid = {8BC5DCF5-E3F7-4AF2-81E6-F5EC6101C1DE}
	EndGlobalSection
EndGlobal
